
Microsoft Visual Studio Solution File, Format Version 12.00
# Visual Studio 15
VisualStudioVersion = 15.0.27130.2020
MinimumVisualStudioVersion = 10.0.40219.1
Project("{9A19103F-16F7-4668-BE54-9A1E7A4F7556}") = "Scheduler", "Scheduler\Scheduler.csproj", "{ECEFEF5A-E896-418A-A992-BDF5947CA74E}"
EndProject
Global
	GlobalSection(SolutionConfigurationPlatforms) = preSolution
		Debug|Any CPU = Debug|Any CPU
		Release|Any CPU = Release|Any CPU
	EndGlobalSection
	GlobalSection(ProjectConfigurationPlatforms) = postSolution
		{ECEFEF5A-E896-418A-A992-BDF5947CA74E}.Debug|Any CPU.ActiveCfg = Debug|Any CPU
		{ECEFEF5A-E896-418A-A992-BDF5947CA74E}.Debug|Any CPU.Build.0 = Debug|Any CPU
		{ECEFEF5A-E896-418A-A992-BDF5947CA74E}.Release|Any CPU.ActiveCfg = Release|Any CPU
		{ECEFEF5A-E896-418A-A992-BDF5947CA74E}.Release|Any CPU.Build.0 = Release|Any CPU
	EndGlobalSection
	GlobalSection(SolutionProperties) = preSolution
		HideSolutionNode = FALSE
	EndGlobalSection
	GlobalSection(ExtensibilityGlobals) = postSolution
		SolutionGuid = {36A1D0BA-D001-499F-AB39-7CB80BD322AE}
	EndGlobalSection
	GlobalSection(TeamFoundationVersionControl) = preSolution
		SccNumberOfProjects = 2
		SccEnterpriseProvider = {4CA58AB2-18FA-4F8D-95D4-32DDF27D184C}
		SccTeamFoundationServer = https://egpl123tfvc.visualstudio.com/
		SccLocalPath0 = .
		SccProjectUniqueName1 = Scheduler\\Scheduler.csproj
		SccProjectName1 = Scheduler
		SccLocalPath1 = Scheduler
	EndGlobalSection
EndGlobal
